
Microsoft Visual Studio Solution File, Format Version 12.00
# Visual Studio 14
VisualStudioVersion = 14.0.25123.0
MinimumVisualStudioVersion = 10.0.40219.1
Project("{8BC9CEB8-8B4A-11D0-8D11-00A0C91BC942}") = "yocto", "yocto.vcxproj", "{DCA3FF04-E4D3-415A-8AF6-F0A23F1C7E84}"
	ProjectSection(ProjectDependencies) = postProject
		{07D72C2D-B29E-421C-A807-FFA272353231} = {07D72C2D-B29E-421C-A807-FFA272353231}
		{8797D0D5-32FA-4C61-BC0E-CC9F58A10992} = {8797D0D5-32FA-4C61-BC0E-CC9F58A10992}
	EndProjectSection
EndProject
Project("{8BC9CEB8-8B4A-11D0-8D11-00A0C91BC942}") = "glew", "glew\GLEW.vcxproj", "{07D72C2D-B29E-421C-A807-FFA272353231}"
EndProject
Project("{8BC9CEB8-8B4A-11D0-8D11-00A0C91BC942}") = "glfw", "glfw\GLFW.vcxproj", "{8797D0D5-32FA-4C61-BC0E-CC9F58A10992}"
EndProject
Project("{8BC9CEB8-8B4A-11D0-8D11-00A0C91BC942}") = "yshade", "yshade\yshade.vcxproj", "{EE925023-DDBB-47E0-B355-FE2D1531381E}"
	ProjectSection(ProjectDependencies) = postProject
		{DCA3FF04-E4D3-415A-8AF6-F0A23F1C7E84} = {DCA3FF04-E4D3-415A-8AF6-F0A23F1C7E84}
		{07D72C2D-B29E-421C-A807-FFA272353231} = {07D72C2D-B29E-421C-A807-FFA272353231}
		{8797D0D5-32FA-4C61-BC0E-CC9F58A10992} = {8797D0D5-32FA-4C61-BC0E-CC9F58A10992}
	EndProjectSection
EndProject
Project("{8BC9CEB8-8B4A-11D0-8D11-00A0C91BC942}") = "ysym", "ysym\ysym.vcxproj", "{40AA55F1-5CAA-44FB-9B28-104679540B20}"
	ProjectSection(ProjectDependencies) = postProject
		{DCA3FF04-E4D3-415A-8AF6-F0A23F1C7E84} = {DCA3FF04-E4D3-415A-8AF6-F0A23F1C7E84}
		{07D72C2D-B29E-421C-A807-FFA272353231} = {07D72C2D-B29E-421C-A807-FFA272353231}
		{8797D0D5-32FA-4C61-BC0E-CC9F58A10992} = {8797D0D5-32FA-4C61-BC0E-CC9F58A10992}
	EndProjectSection
EndProject
Project("{8BC9CEB8-8B4A-11D0-8D11-00A0C91BC942}") = "ytrace", "ytrace\ytrace.vcxproj", "{8917C781-F678-440D-B883-1401FB3DD5DF}"
	ProjectSection(ProjectDependencies) = postProject
		{DCA3FF04-E4D3-415A-8AF6-F0A23F1C7E84} = {DCA3FF04-E4D3-415A-8AF6-F0A23F1C7E84}
		{07D72C2D-B29E-421C-A807-FFA272353231} = {07D72C2D-B29E-421C-A807-FFA272353231}
		{8797D0D5-32FA-4C61-BC0E-CC9F58A10992} = {8797D0D5-32FA-4C61-BC0E-CC9F58A10992}
	EndProjectSection
EndProject
Project("{8BC9CEB8-8B4A-11D0-8D11-00A0C91BC942}") = "yview", "yview\yview.vcxproj", "{4658DC32-1D66-400D-B5B1-A182D830285B}"
	ProjectSection(ProjectDependencies) = postProject
		{DCA3FF04-E4D3-415A-8AF6-F0A23F1C7E84} = {DCA3FF04-E4D3-415A-8AF6-F0A23F1C7E84}
		{07D72C2D-B29E-421C-A807-FFA272353231} = {07D72C2D-B29E-421C-A807-FFA272353231}
		{8797D0D5-32FA-4C61-BC0E-CC9F58A10992} = {8797D0D5-32FA-4C61-BC0E-CC9F58A10992}
	EndProjectSection
EndProject
Project("{8BC9CEB8-8B4A-11D0-8D11-00A0C91BC942}") = "ytestgen", "ytestgen\ytestgen.vcxproj", "{599C8BE3-5BAF-4C63-82D9-C1D9C37B2845}"
EndProject
Global
	GlobalSection(SolutionConfigurationPlatforms) = preSolution
		Debug|x64 = Debug|x64
		Debug|x86 = Debug|x86
		Release|x64 = Release|x64
		Release|x86 = Release|x86
	EndGlobalSection
	GlobalSection(ProjectConfigurationPlatforms) = postSolution
		{DCA3FF04-E4D3-415A-8AF6-F0A23F1C7E84}.Debug|x64.ActiveCfg = Debug|x64
		{DCA3FF04-E4D3-415A-8AF6-F0A23F1C7E84}.Debug|x64.Build.0 = Debug|x64
		{DCA3FF04-E4D3-415A-8AF6-F0A23F1C7E84}.Debug|x86.ActiveCfg = Debug|Win32
		{DCA3FF04-E4D3-415A-8AF6-F0A23F1C7E84}.Debug|x86.Build.0 = Debug|Win32
		{DCA3FF04-E4D3-415A-8AF6-F0A23F1C7E84}.Release|x64.ActiveCfg = Release|x64
		{DCA3FF04-E4D3-415A-8AF6-F0A23F1C7E84}.Release|x64.Build.0 = Release|x64
		{DCA3FF04-E4D3-415A-8AF6-F0A23F1C7E84}.Release|x86.ActiveCfg = Release|Win32
		{DCA3FF04-E4D3-415A-8AF6-F0A23F1C7E84}.Release|x86.Build.0 = Release|Win32
		{07D72C2D-B29E-421C-A807-FFA272353231}.Debug|x64.ActiveCfg = Debug|x64
		{07D72C2D-B29E-421C-A807-FFA272353231}.Debug|x64.Build.0 = Debug|x64
		{07D72C2D-B29E-421C-A807-FFA272353231}.Debug|x86.ActiveCfg = Debug|Win32
		{07D72C2D-B29E-421C-A807-FFA272353231}.Debug|x86.Build.0 = Debug|Win32
		{07D72C2D-B29E-421C-A807-FFA272353231}.Release|x64.ActiveCfg = Release|x64
		{07D72C2D-B29E-421C-A807-FFA272353231}.Release|x64.Build.0 = Release|x64
		{07D72C2D-B29E-421C-A807-FFA272353231}.Release|x86.ActiveCfg = Release|Win32
		{07D72C2D-B29E-421C-A807-FFA272353231}.Release|x86.Build.0 = Release|Win32
		{8797D0D5-32FA-4C61-BC0E-CC9F58A10992}.Debug|x64.ActiveCfg = Debug|x64
		{8797D0D5-32FA-4C61-BC0E-CC9F58A10992}.Debug|x64.Build.0 = Debug|x64
		{8797D0D5-32FA-4C61-BC0E-CC9F58A10992}.Debug|x86.ActiveCfg = Debug|Win32
		{8797D0D5-32FA-4C61-BC0E-CC9F58A10992}.Debug|x86.Build.0 = Debug|Win32
		{8797D0D5-32FA-4C61-BC0E-CC9F58A10992}.Release|x64.ActiveCfg = Release|x64
		{8797D0D5-32FA-4C61-BC0E-CC9F58A10992}.Release|x64.Build.0 = Release|x64
		{8797D0D5-32FA-4C61-BC0E-CC9F58A10992}.Release|x86.ActiveCfg = Release|Win32
		{8797D0D5-32FA-4C61-BC0E-CC9F58A10992}.Release|x86.Build.0 = Release|Win32
		{EE925023-DDBB-47E0-B355-FE2D1531381E}.Debug|x64.ActiveCfg = Debug|x64
		{EE925023-DDBB-47E0-B355-FE2D1531381E}.Debug|x64.Build.0 = Debug|x64
		{EE925023-DDBB-47E0-B355-FE2D1531381E}.Debug|x86.ActiveCfg = Debug|Win32
		{EE925023-DDBB-47E0-B355-FE2D1531381E}.Debug|x86.Build.0 = Debug|Win32
		{EE925023-DDBB-47E0-B355-FE2D1531381E}.Release|x64.ActiveCfg = Release|x64
		{EE925023-DDBB-47E0-B355-FE2D1531381E}.Release|x64.Build.0 = Release|x64
		{EE925023-DDBB-47E0-B355-FE2D1531381E}.Release|x86.ActiveCfg = Release|Win32
		{EE925023-DDBB-47E0-B355-FE2D1531381E}.Release|x86.Build.0 = Release|Win32
		{40AA55F1-5CAA-44FB-9B28-104679540B20}.Debug|x64.ActiveCfg = Debug|x64
		{40AA55F1-5CAA-44FB-9B28-104679540B20}.Debug|x64.Build.0 = Debug|x64
		{40AA55F1-5CAA-44FB-9B28-104679540B20}.Debug|x86.ActiveCfg = Debug|Win32
		{40AA55F1-5CAA-44FB-9B28-104679540B20}.Debug|x86.Build.0 = Debug|Win32
		{40AA55F1-5CAA-44FB-9B28-104679540B20}.Release|x64.ActiveCfg = Release|x64
		{40AA55F1-5CAA-44FB-9B28-104679540B20}.Release|x64.Build.0 = Release|x64
		{40AA55F1-5CAA-44FB-9B28-104679540B20}.Release|x86.ActiveCfg = Release|Win32
		{40AA55F1-5CAA-44FB-9B28-104679540B20}.Release|x86.Build.0 = Release|Win32
		{8917C781-F678-440D-B883-1401FB3DD5DF}.Debug|x64.ActiveCfg = Debug|x64
		{8917C781-F678-440D-B883-1401FB3DD5DF}.Debug|x64.Build.0 = Debug|x64
		{8917C781-F678-440D-B883-1401FB3DD5DF}.Debug|x86.ActiveCfg = Debug|Win32
		{8917C781-F678-440D-B883-1401FB3DD5DF}.Debug|x86.Build.0 = Debug|Win32
		{8917C781-F678-440D-B883-1401FB3DD5DF}.Release|x64.ActiveCfg = Release|x64
		{8917C781-F678-440D-B883-1401FB3DD5DF}.Release|x64.Build.0 = Release|x64
		{8917C781-F678-440D-B883-1401FB3DD5DF}.Release|x86.ActiveCfg = Release|Win32
		{8917C781-F678-440D-B883-1401FB3DD5DF}.Release|x86.Build.0 = Release|Win32
		{4658DC32-1D66-400D-B5B1-A182D830285B}.Debug|x64.ActiveCfg = Debug|x64
		{4658DC32-1D66-400D-B5B1-A182D830285B}.Debug|x64.Build.0 = Debug|x64
		{4658DC32-1D66-400D-B5B1-A182D830285B}.Debug|x86.ActiveCfg = Debug|Win32
		{4658DC32-1D66-400D-B5B1-A182D830285B}.Debug|x86.Build.0 = Debug|Win32
		{4658DC32-1D66-400D-B5B1-A182D830285B}.Release|x64.ActiveCfg = Release|x64
		{4658DC32-1D66-400D-B5B1-A182D830285B}.Release|x64.Build.0 = Release|x64
		{4658DC32-1D66-400D-B5B1-A182D830285B}.Release|x86.ActiveCfg = Release|Win32
		{4658DC32-1D66-400D-B5B1-A182D830285B}.Release|x86.Build.0 = Release|Win32
		{599C8BE3-5BAF-4C63-82D9-C1D9C37B2845}.Debug|x64.ActiveCfg = Debug|x64
		{599C8BE3-5BAF-4C63-82D9-C1D9C37B2845}.Debug|x64.Build.0 = Debug|x64
		{599C8BE3-5BAF-4C63-82D9-C1D9C37B2845}.Debug|x86.ActiveCfg = Debug|Win32
		{599C8BE3-5BAF-4C63-82D9-C1D9C37B2845}.Debug|x86.Build.0 = Debug|Win32
		{599C8BE3-5BAF-4C63-82D9-C1D9C37B2845}.Release|x64.ActiveCfg = Release|x64
		{599C8BE3-5BAF-4C63-82D9-C1D9C37B2845}.Release|x64.Build.0 = Release|x64
		{599C8BE3-5BAF-4C63-82D9-C1D9C37B2845}.Release|x86.ActiveCfg = Release|Win32
		{599C8BE3-5BAF-4C63-82D9-C1D9C37B2845}.Release|x86.Build.0 = Release|Win32
	EndGlobalSection
	GlobalSection(SolutionProperties) = preSolution
		HideSolutionNode = FALSE
	EndGlobalSection
EndGlobal
